
Microsoft Visual Studio Solution File, Format Version 12.00
# Visual Studio Version 17
VisualStudioVersion = 17.3.32929.385
MinimumVisualStudioVersion = 10.0.40219.1
Project("{9A19103F-16F7-4668-BE54-9A1E7A4F7556}") = "SAIYA", "SAIYA.csproj", "{59890D24-CA59-48BE-875B-3873C502428C}"
EndProject
Global
	GlobalSection(SolutionConfigurationPlatforms) = preSolution
		Debug|Any CPU = Debug|Any CPU
		Release|Any CPU = Release|Any CPU
	EndGlobalSection
	GlobalSection(ProjectConfigurationPlatforms) = postSolution
		{59890D24-CA59-48BE-875B-3873C502428C}.Debug|Any CPU.ActiveCfg = Debug|Any CPU
		{59890D24-CA59-48BE-875B-3873C502428C}.Debug|Any CPU.Build.0 = Debug|Any CPU
		{59890D24-CA59-48BE-875B-3873C502428C}.Release|Any CPU.ActiveCfg = Release|Any CPU
		{59890D24-CA59-48BE-875B-3873C502428C}.Release|Any CPU.Build.0 = Release|Any CPU
	EndGlobalSection
	GlobalSection(SolutionProperties) = preSolution
		HideSolutionNode = FALSE
	EndGlobalSection
	GlobalSection(ExtensibilityGlobals) = postSolution
		SolutionGuid = {980D9BE1-8FAC-42D9-AB48-4617EFE1C44D}
	EndGlobalSection
EndGlobal
